// !$*UTF8*$!
{
	archiveVersion = 1;
	classes = {
	};
	objectVersion = 46;
	objects = {

/* Begin PBXBuildFile section */
		C40A65BA1E16652D0001E111 /* BACABasicAnimationDemo.m in Sources */ = {isa = PBXBuildFile; fileRef = C40A65AF1E16652D0001E111 /* BACABasicAnimationDemo.m */; };
		C40A65BB1E16652D0001E111 /* BACABasicAnimationDemo.xib in Resources */ = {isa = PBXBuildFile; fileRef = C40A65B01E16652D0001E111 /* BACABasicAnimationDemo.xib */; };
		C40A65BC1E16652D0001E111 /* BACAKeyframeAnimationDemo.m in Sources */ = {isa = PBXBuildFile; fileRef = C40A65B21E16652D0001E111 /* BACAKeyframeAnimationDemo.m */; };
		C40A65BD1E16652D0001E111 /* BACAKeyframeAnimationDemo.xib in Resources */ = {isa = PBXBuildFile; fileRef = C40A65B31E16652D0001E111 /* BACAKeyframeAnimationDemo.xib */; };
		C40A65BE1E16652D0001E111 /* DemoVC_09_Detail.m in Sources */ = {isa = PBXBuildFile; fileRef = C40A65B51E16652D0001E111 /* DemoVC_09_Detail.m */; };
		C40A65BF1E16652D0001E111 /* DemoVC_09_Detail.xib in Resources */ = {isa = PBXBuildFile; fileRef = C40A65B61E16652D0001E111 /* DemoVC_09_Detail.xib */; };
		C42FF2031E077AF100E29DD5 /* main.m in Sources */ = {isa = PBXBuildFile; fileRef = C42FF2021E077AF100E29DD5 /* main.m */; };
		C42FF2061E077AF100E29DD5 /* AppDelegate.m in Sources */ = {isa = PBXBuildFile; fileRef = C42FF2051E077AF100E29DD5 /* AppDelegate.m */; };
		C42FF20C1E077AF100E29DD5 /* Main.storyboard in Resources */ = {isa = PBXBuildFile; fileRef = C42FF20A1E077AF100E29DD5 /* Main.storyboard */; };
		C42FF20E1E077AF100E29DD5 /* Assets.xcassets in Resources */ = {isa = PBXBuildFile; fileRef = C42FF20D1E077AF100E29DD5 /* Assets.xcassets */; };
		C42FF2111E077AF100E29DD5 /* LaunchScreen.storyboard in Resources */ = {isa = PBXBuildFile; fileRef = C42FF20F1E077AF100E29DD5 /* LaunchScreen.storyboard */; };
		C42FF2201E077B6C00E29DD5 /* DemoVC_09.m in Sources */ = {isa = PBXBuildFile; fileRef = C42FF21E1E077B6C00E29DD5 /* DemoVC_09.m */; };
		C42FF2211E077B6C00E29DD5 /* DemoVC_09.xib in Resources */ = {isa = PBXBuildFile; fileRef = C42FF21F1E077B6C00E29DD5 /* DemoVC_09.xib */; };
		C4677D7E1E1C92290061E9E8 /* BADownloadViewDemo.m in Sources */ = {isa = PBXBuildFile; fileRef = C4677D7C1E1C92290061E9E8 /* BADownloadViewDemo.m */; };
		C4677D7F1E1C92290061E9E8 /* BADownloadViewDemo.xib in Resources */ = {isa = PBXBuildFile; fileRef = C4677D7D1E1C92290061E9E8 /* BADownloadViewDemo.xib */; };
		C49D10EC1E1B411A00962F14 /* BAActivityIndicatorView.m in Sources */ = {isa = PBXBuildFile; fileRef = C49D10E61E1B411A00962F14 /* BAActivityIndicatorView.m */; };
		C49D10ED1E1B411A00962F14 /* BALoadingView.m in Sources */ = {isa = PBXBuildFile; fileRef = C49D10E81E1B411A00962F14 /* BALoadingView.m */; };
		C49D10EE1E1B411A00962F14 /* UIView+BAAnimation.m in Sources */ = {isa = PBXBuildFile; fileRef = C49D10EB1E1B411A00962F14 /* UIView+BAAnimation.m */; };
		C49D10F21E1B46AD00962F14 /* BALoadingWaveView.m in Sources */ = {isa = PBXBuildFile; fileRef = C49D10F11E1B46AD00962F14 /* BALoadingWaveView.m */; };
/* End PBXBuildFile section */

/* Begin PBXFileReference section */
		C40A65AE1E16652D0001E111 /* BACABasicAnimationDemo.h */ = {isa = PBXFileReference; fileEncoding = 4; lastKnownFileType = sourcecode.c.h; path = BACABasicAnimationDemo.h; sourceTree = "<group>"; };
		C40A65AF1E16652D0001E111 /* BACABasicAnimationDemo.m */ = {isa = PBXFileReference; fileEncoding = 4; lastKnownFileType = sourcecode.c.objc; path = BACABasicAnimationDemo.m; sourceTree = "<group>"; };
		C40A65B01E16652D0001E111 /* BACABasicAnimationDemo.xib */ = {isa = PBXFileReference; fileEncoding = 4; lastKnownFileType = file.xib; path = BACABasicAnimationDemo.xib; sourceTree = "<group>"; };
		C40A65B11E16652D0001E111 /* BACAKeyframeAnimationDemo.h */ = {isa = PBXFileReference; fileEncoding = 4; lastKnownFileType = sourcecode.c.h; path = BACAKeyframeAnimationDemo.h; sourceTree = "<group>"; };
		C40A65B21E16652D0001E111 /* BACAKeyframeAnimationDemo.m */ = {isa = PBXFileReference; fileEncoding = 4; lastKnownFileType = sourcecode.c.objc; path = BACAKeyframeAnimationDemo.m; sourceTree = "<group>"; };
		C40A65B31E16652D0001E111 /* BACAKeyframeAnimationDemo.xib */ = {isa = PBXFileReference; fileEncoding = 4; lastKnownFileType = file.xib; path = BACAKeyframeAnimationDemo.xib; sourceTree = "<group>"; };
		C40A65B41E16652D0001E111 /* DemoVC_09_Detail.h */ = {isa = PBXFileReference; fileEncoding = 4; lastKnownFileType = sourcecode.c.h; path = DemoVC_09_Detail.h; sourceTree = "<group>"; };
		C40A65B51E16652D0001E111 /* DemoVC_09_Detail.m */ = {isa = PBXFileReference; fileEncoding = 4; lastKnownFileType = sourcecode.c.objc; path = DemoVC_09_Detail.m; sourceTree = "<group>"; };
		C40A65B61E16652D0001E111 /* DemoVC_09_Detail.xib */ = {isa = PBXFileReference; fileEncoding = 4; lastKnownFileType = file.xib; path = DemoVC_09_Detail.xib; sourceTree = "<group>"; };
		C42FF1FE1E077AF100E29DD5 /* BAAnimation.app */ = {isa = PBXFileReference; explicitFileType = wrapper.application; includeInIndex = 0; path = BAAnimation.app; sourceTree = BUILT_PRODUCTS_DIR; };
		C42FF2021E077AF100E29DD5 /* main.m */ = {isa = PBXFileReference; lastKnownFileType = sourcecode.c.objc; path = main.m; sourceTree = "<group>"; };
		C42FF2041E077AF100E29DD5 /* AppDelegate.h */ = {isa = PBXFileReference; lastKnownFileType = sourcecode.c.h; path = AppDelegate.h; sourceTree = "<group>"; };
		C42FF2051E077AF100E29DD5 /* AppDelegate.m */ = {isa = PBXFileReference; lastKnownFileType = sourcecode.c.objc; path = AppDelegate.m; sourceTree = "<group>"; };
		C42FF20B1E077AF100E29DD5 /* Base */ = {isa = PBXFileReference; lastKnownFileType = file.storyboard; name = Base; path = Base.lproj/Main.storyboard; sourceTree = "<group>"; };
		C42FF20D1E077AF100E29DD5 /* Assets.xcassets */ = {isa = PBXFileReference; lastKnownFileType = folder.assetcatalog; path = Assets.xcassets; sourceTree = "<group>"; };
		C42FF2101E077AF100E29DD5 /* Base */ = {isa = PBXFileReference; lastKnownFileType = file.storyboard; name = Base; path = Base.lproj/LaunchScreen.storyboard; sourceTree = "<group>"; };
		C42FF2121E077AF100E29DD5 /* Info.plist */ = {isa = PBXFileReference; lastKnownFileType = text.plist.xml; path = Info.plist; sourceTree = "<group>"; };
		C42FF21D1E077B6C00E29DD5 /* DemoVC_09.h */ = {isa = PBXFileReference; fileEncoding = 4; lastKnownFileType = sourcecode.c.h; path = DemoVC_09.h; sourceTree = "<group>"; };
		C42FF21E1E077B6C00E29DD5 /* DemoVC_09.m */ = {isa = PBXFileReference; fileEncoding = 4; lastKnownFileType = sourcecode.c.objc; path = DemoVC_09.m; sourceTree = "<group>"; };
		C42FF21F1E077B6C00E29DD5 /* DemoVC_09.xib */ = {isa = PBXFileReference; fileEncoding = 4; lastKnownFileType = file.xib; path = DemoVC_09.xib; sourceTree = "<group>"; };
		C4677D7B1E1C92290061E9E8 /* BADownloadViewDemo.h */ = {isa = PBXFileReference; fileEncoding = 4; lastKnownFileType = sourcecode.c.h; path = BADownloadViewDemo.h; sourceTree = "<group>"; };
		C4677D7C1E1C92290061E9E8 /* BADownloadViewDemo.m */ = {isa = PBXFileReference; fileEncoding = 4; lastKnownFileType = sourcecode.c.objc; path = BADownloadViewDemo.m; sourceTree = "<group>"; };
		C4677D7D1E1C92290061E9E8 /* BADownloadViewDemo.xib */ = {isa = PBXFileReference; fileEncoding = 4; lastKnownFileType = file.xib; path = BADownloadViewDemo.xib; sourceTree = "<group>"; };
		C4677D801E1C94A40061E9E8 /* BAAnimationHeader.h */ = {isa = PBXFileReference; lastKnownFileType = sourcecode.c.h; path = BAAnimationHeader.h; sourceTree = "<group>"; };
		C49D10E51E1B411A00962F14 /* BAActivityIndicatorView.h */ = {isa = PBXFileReference; fileEncoding = 4; lastKnownFileType = sourcecode.c.h; path = BAActivityIndicatorView.h; sourceTree = "<group>"; };
		C49D10E61E1B411A00962F14 /* BAActivityIndicatorView.m */ = {isa = PBXFileReference; fileEncoding = 4; lastKnownFileType = sourcecode.c.objc; path = BAActivityIndicatorView.m; sourceTree = "<group>"; };
		C49D10E71E1B411A00962F14 /* BALoadingView.h */ = {isa = PBXFileReference; fileEncoding = 4; lastKnownFileType = sourcecode.c.h; path = BALoadingView.h; sourceTree = "<group>"; };
		C49D10E81E1B411A00962F14 /* BALoadingView.m */ = {isa = PBXFileReference; fileEncoding = 4; lastKnownFileType = sourcecode.c.objc; path = BALoadingView.m; sourceTree = "<group>"; };
		C49D10EA1E1B411A00962F14 /* UIView+BAAnimation.h */ = {isa = PBXFileReference; fileEncoding = 4; lastKnownFileType = sourcecode.c.h; path = "UIView+BAAnimation.h"; sourceTree = "<group>"; };
		C49D10EB1E1B411A00962F14 /* UIView+BAAnimation.m */ = {isa = PBXFileReference; fileEncoding = 4; lastKnownFileType = sourcecode.c.objc; path = "UIView+BAAnimation.m"; sourceTree = "<group>"; };
		C49D10F01E1B46AD00962F14 /* BALoadingWaveView.h */ = {isa = PBXFileReference; fileEncoding = 4; lastKnownFileType = sourcecode.c.h; path = BALoadingWaveView.h; sourceTree = "<group>"; };
		C49D10F11E1B46AD00962F14 /* BALoadingWaveView.m */ = {isa = PBXFileReference; fileEncoding = 4; lastKnownFileType = sourcecode.c.objc; path = BALoadingWaveView.m; sourceTree = "<group>"; };
/* End PBXFileReference section */

/* Begin PBXFrameworksBuildPhase section */
		C42FF1FB1E077AF100E29DD5 /* Frameworks */ = {
			isa = PBXFrameworksBuildPhase;
			buildActionMask = 2147483647;
			files = (
			);
			runOnlyForDeploymentPostprocessing = 0;
		};
/* End PBXFrameworksBuildPhase section */

/* Begin PBXGroup section */
		C40A65AD1E16652D0001E111 /* BAAnimationDemo */ = {
			isa = PBXGroup;
			children = (
				C40A65AE1E16652D0001E111 /* BACABasicAnimationDemo.h */,
				C40A65AF1E16652D0001E111 /* BACABasicAnimationDemo.m */,
				C40A65B01E16652D0001E111 /* BACABasicAnimationDemo.xib */,
				C40A65B11E16652D0001E111 /* BACAKeyframeAnimationDemo.h */,
				C40A65B21E16652D0001E111 /* BACAKeyframeAnimationDemo.m */,
				C40A65B31E16652D0001E111 /* BACAKeyframeAnimationDemo.xib */,
				C4677D7B1E1C92290061E9E8 /* BADownloadViewDemo.h */,
				C4677D7C1E1C92290061E9E8 /* BADownloadViewDemo.m */,
				C4677D7D1E1C92290061E9E8 /* BADownloadViewDemo.xib */,
				C40A65B41E16652D0001E111 /* DemoVC_09_Detail.h */,
				C40A65B51E16652D0001E111 /* DemoVC_09_Detail.m */,
				C40A65B61E16652D0001E111 /* DemoVC_09_Detail.xib */,
			);
			path = BAAnimationDemo;
			sourceTree = "<group>";
		};
		C42FF1F51E077AF100E29DD5 = {
			isa = PBXGroup;
			children = (
				C42FF2001E077AF100E29DD5 /* BAAnimation */,
				C42FF1FF1E077AF100E29DD5 /* Products */,
			);
			sourceTree = "<group>";
		};
		C42FF1FF1E077AF100E29DD5 /* Products */ = {
			isa = PBXGroup;
			children = (
				C42FF1FE1E077AF100E29DD5 /* BAAnimation.app */,
			);
			name = Products;
			sourceTree = "<group>";
		};
		C42FF2001E077AF100E29DD5 /* BAAnimation */ = {
			isa = PBXGroup;
			children = (
				C42FF2041E077AF100E29DD5 /* AppDelegate.h */,
				C42FF2051E077AF100E29DD5 /* AppDelegate.m */,
				C4677D801E1C94A40061E9E8 /* BAAnimationHeader.h */,
				C42FF21D1E077B6C00E29DD5 /* DemoVC_09.h */,
				C42FF21E1E077B6C00E29DD5 /* DemoVC_09.m */,
				C42FF21F1E077B6C00E29DD5 /* DemoVC_09.xib */,
				C40A65AD1E16652D0001E111 /* BAAnimationDemo */,
				C49D10E31E1B411A00962F14 /* BAAnimation */,
				C42FF2011E077AF100E29DD5 /* Supporting Files */,
			);
			path = BAAnimation;
			sourceTree = "<group>";
		};
		C42FF2011E077AF100E29DD5 /* Supporting Files */ = {
			isa = PBXGroup;
			children = (
				C42FF20A1E077AF100E29DD5 /* Main.storyboard */,
				C42FF20D1E077AF100E29DD5 /* Assets.xcassets */,
				C42FF20F1E077AF100E29DD5 /* LaunchScreen.storyboard */,
				C42FF2121E077AF100E29DD5 /* Info.plist */,
				C42FF2021E077AF100E29DD5 /* main.m */,
			);
			name = "Supporting Files";
			sourceTree = "<group>";
		};
		C49D10E31E1B411A00962F14 /* BAAnimation */ = {
			isa = PBXGroup;
			children = (
				C49D10E41E1B411A00962F14 /* BALoadingView */,
				C49D10E91E1B411A00962F14 /* UIViewAnimation */,
			);
			path = BAAnimation;
			sourceTree = "<group>";
		};
		C49D10E41E1B411A00962F14 /* BALoadingView */ = {
			isa = PBXGroup;
			children = (
				C49D10E51E1B411A00962F14 /* BAActivityIndicatorView.h */,
				C49D10E61E1B411A00962F14 /* BAActivityIndicatorView.m */,
				C49D10E71E1B411A00962F14 /* BALoadingView.h */,
				C49D10E81E1B411A00962F14 /* BALoadingView.m */,
				C49D10F01E1B46AD00962F14 /* BALoadingWaveView.h */,
				C49D10F11E1B46AD00962F14 /* BALoadingWaveView.m */,
			);
			path = BALoadingView;
			sourceTree = "<group>";
		};
		C49D10E91E1B411A00962F14 /* UIViewAnimation */ = {
			isa = PBXGroup;
			children = (
				C49D10EA1E1B411A00962F14 /* UIView+BAAnimation.h */,
				C49D10EB1E1B411A00962F14 /* UIView+BAAnimation.m */,
			);
			path = UIViewAnimation;
			sourceTree = "<group>";
		};
/* End PBXGroup section */

/* Begin PBXNativeTarget section */
		C42FF1FD1E077AF100E29DD5 /* BAAnimation */ = {
			isa = PBXNativeTarget;
			buildConfigurationList = C42FF2151E077AF100E29DD5 /* Build configuration list for PBXNativeTarget "BAAnimation" */;
			buildPhases = (
				C42FF1FA1E077AF100E29DD5 /* Sources */,
				C42FF1FB1E077AF100E29DD5 /* Frameworks */,
				C42FF1FC1E077AF100E29DD5 /* Resources */,
			);
			buildRules = (
			);
			dependencies = (
			);
			name = BAAnimation;
			productName = BAAnimation;
			productReference = C42FF1FE1E077AF100E29DD5 /* BAAnimation.app */;
			productType = "com.apple.product-type.application";
		};
/* End PBXNativeTarget section */

/* Begin PBXProject section */
		C42FF1F61E077AF100E29DD5 /* Project object */ = {
			isa = PBXProject;
			attributes = {
				LastUpgradeCheck = 0720;
				ORGANIZATIONNAME = "DS-Team";
				TargetAttributes = {
					C42FF1FD1E077AF100E29DD5 = {
						CreatedOnToolsVersion = 7.2;
						DevelopmentTeam = 5MLEPWQRVD;
					};
				};
			};
			buildConfigurationList = C42FF1F91E077AF100E29DD5 /* Build configuration list for PBXProject "BAAnimation" */;
			compatibilityVersion = "Xcode 3.2";
			developmentRegion = English;
			hasScannedForEncodings = 0;
			knownRegions = (
				en,
				Base,
			);
			mainGroup = C42FF1F51E077AF100E29DD5;
			productRefGroup = C42FF1FF1E077AF100E29DD5 /* Products */;
			projectDirPath = "";
			projectRoot = "";
			targets = (
				C42FF1FD1E077AF100E29DD5 /* BAAnimation */,
			);
		};
/* End PBXProject section */

/* Begin PBXResourcesBuildPhase section */
		C42FF1FC1E077AF100E29DD5 /* Resources */ = {
			isa = PBXResourcesBuildPhase;
			buildActionMask = 2147483647;
			files = (
				C42FF2211E077B6C00E29DD5 /* DemoVC_09.xib in Resources */,
				C42FF2111E077AF100E29DD5 /* LaunchScreen.storyboard in Resources */,
				C4677D7F1E1C92290061E9E8 /* BADownloadViewDemo.xib in Resources */,
				C42FF20E1E077AF100E29DD5 /* Assets.xcassets in Resources */,
				C40A65BB1E16652D0001E111 /* BACABasicAnimationDemo.xib in Resources */,
				C40A65BD1E16652D0001E111 /* BACAKeyframeAnimationDemo.xib in Resources */,
				C42FF20C1E077AF100E29DD5 /* Main.storyboard in Resources */,
				C40A65BF1E16652D0001E111 /* DemoVC_09_Detail.xib in Resources */,
			);
			runOnlyForDeploymentPostprocessing = 0;
		};
/* End PBXResourcesBuildPhase section */

/* Begin PBXSourcesBuildPhase section */
		C42FF1FA1E077AF100E29DD5 /* Sources */ = {
			isa = PBXSourcesBuildPhase;
			buildActionMask = 2147483647;
			files = (
				C40A65BE1E16652D0001E111 /* DemoVC_09_Detail.m in Sources */,
				C4677D7E1E1C92290061E9E8 /* BADownloadViewDemo.m in Sources */,
				C49D10F21E1B46AD00962F14 /* BALoadingWaveView.m in Sources */,
				C42FF2201E077B6C00E29DD5 /* DemoVC_09.m in Sources */,
				C42FF2061E077AF100E29DD5 /* AppDelegate.m in Sources */,
				C49D10EC1E1B411A00962F14 /* BAActivityIndicatorView.m in Sources */,
				C42FF2031E077AF100E29DD5 /* main.m in Sources */,
				C40A65BC1E16652D0001E111 /* BACAKeyframeAnimationDemo.m in Sources */,
				C49D10ED1E1B411A00962F14 /* BALoadingView.m in Sources */,
				C49D10EE1E1B411A00962F14 /* UIView+BAAnimation.m in Sources */,
				C40A65BA1E16652D0001E111 /* BACABasicAnimationDemo.m in Sources */,
			);
			runOnlyForDeploymentPostprocessing = 0;
		};
/* End PBXSourcesBuildPhase section */

/* Begin PBXVariantGroup section */
		C42FF20A1E077AF100E29DD5 /* Main.storyboard */ = {
			isa = PBXVariantGroup;
			children = (
				C42FF20B1E077AF100E29DD5 /* Base */,
			);
			name = Main.storyboard;
			sourceTree = "<group>";
		};
		C42FF20F1E077AF100E29DD5 /* LaunchScreen.storyboard */ = {
			isa = PBXVariantGroup;
			children = (
				C42FF2101E077AF100E29DD5 /* Base */,
			);
			name = LaunchScreen.storyboard;
			sourceTree = "<group>";
		};
/* End PBXVariantGroup section */

/* Begin XCBuildConfiguration section */
		C42FF2131E077AF100E29DD5 /* Debug */ = {
			isa = XCBuildConfiguration;
			buildSettings = {
				ALWAYS_SEARCH_USER_PATHS = NO;
				CLANG_CXX_LANGUAGE_STANDARD = "gnu++0x";
				CLANG_CXX_LIBRARY = "libc++";
				CLANG_ENABLE_MODULES = YES;
				CLANG_ENABLE_OBJC_ARC = YES;
				CLANG_WARN_BOOL_CONVERSION = YES;
				CLANG_WARN_CONSTANT_CONVERSION = YES;
				CLANG_WARN_DIRECT_OBJC_ISA_USAGE = YES_ERROR;
				CLANG_WARN_EMPTY_BODY = YES;
				CLANG_WARN_ENUM_CONVERSION = YES;
				CLANG_WARN_INT_CONVERSION = YES;
				CLANG_WARN_OBJC_ROOT_CLASS = YES_ERROR;
				CLANG_WARN_UNREACHABLE_CODE = YES;
				CLANG_WARN__DUPLICATE_METHOD_MATCH = YES;
				"CODE_SIGN_IDENTITY[sdk=iphoneos*]" = "iPhone Developer";
				COPY_PHASE_STRIP = NO;
				DEBUG_INFORMATION_FORMAT = dwarf;
				ENABLE_STRICT_OBJC_MSGSEND = YES;
				ENABLE_TESTABILITY = YES;
				GCC_C_LANGUAGE_STANDARD = gnu99;
				GCC_DYNAMIC_NO_PIC = NO;
				GCC_NO_COMMON_BLOCKS = YES;
				GCC_OPTIMIZATION_LEVEL = 0;
				GCC_PREPROCESSOR_DEFINITIONS = (
					"DEBUG=1",
					"$(inherited)",
				);
				GCC_WARN_64_TO_32_BIT_CONVERSION = YES;
				GCC_WARN_ABOUT_RETURN_TYPE = YES_ERROR;
				GCC_WARN_UNDECLARED_SELECTOR = YES;
				GCC_WARN_UNINITIALIZED_AUTOS = YES_AGGRESSIVE;
				GCC_WARN_UNUSED_FUNCTION = YES;
				GCC_WARN_UNUSED_VARIABLE = YES;
				IPHONEOS_DEPLOYMENT_TARGET = 9.2;
				MTL_ENABLE_DEBUG_INFO = YES;
				ONLY_ACTIVE_ARCH = YES;
				SDKROOT = iphoneos;
				TARGETED_DEVICE_FAMILY = "1,2";
			};
			name = Debug;
		};
		C42FF2141E077AF100E29DD5 /* Release */ = {
			isa = XCBuildConfiguration;
			buildSettings = {
				ALWAYS_SEARCH_USER_PATHS = NO;
				CLANG_CXX_LANGUAGE_STANDARD = "gnu++0x";
				CLANG_CXX_LIBRARY = "libc++";
				CLANG_ENABLE_MODULES = YES;
				CLANG_ENABLE_OBJC_ARC = YES;
				CLANG_WARN_BOOL_CONVERSION = YES;
				CLANG_WARN_CONSTANT_CONVERSION = YES;
				CLANG_WARN_DIRECT_OBJC_ISA_USAGE = YES_ERROR;
				CLANG_WARN_EMPTY_BODY = YES;
				CLANG_WARN_ENUM_CONVERSION = YES;
				CLANG_WARN_INT_CONVERSION = YES;
				CLANG_WARN_OBJC_ROOT_CLASS = YES_ERROR;
				CLANG_WARN_UNREACHABLE_CODE = YES;
				CLANG_WARN__DUPLICATE_METHOD_MATCH = YES;
				"CODE_SIGN_IDENTITY[sdk=iphoneos*]" = "iPhone Developer";
				COPY_PHASE_STRIP = NO;
				DEBUG_INFORMATION_FORMAT = "dwarf-with-dsym";
				ENABLE_NS_ASSERTIONS = NO;
				ENABLE_STRICT_OBJC_MSGSEND = YES;
				GCC_C_LANGUAGE_STANDARD = gnu99;
				GCC_NO_COMMON_BLOCKS = YES;
				GCC_WARN_64_TO_32_BIT_CONVERSION = YES;
				GCC_WARN_ABOUT_RETURN_TYPE = YES_ERROR;
				GCC_WARN_UNDECLARED_SELECTOR = YES;
				GCC_WARN_UNINITIALIZED_AUTOS = YES_AGGRESSIVE;
				GCC_WARN_UNUSED_FUNCTION = YES;
				GCC_WARN_UNUSED_VARIABLE = YES;
				IPHONEOS_DEPLOYMENT_TARGET = 9.2;
				MTL_ENABLE_DEBUG_INFO = NO;
				SDKROOT = iphoneos;
				TARGETED_DEVICE_FAMILY = "1,2";
				VALIDATE_PRODUCT = YES;
			};
			name = Release;
		};
		C42FF2161E077AF100E29DD5 /* Debug */ = {
			isa = XCBuildConfiguration;
			buildSettings = {
				ASSETCATALOG_COMPILER_APPICON_NAME = AppIcon;
				DEVELOPMENT_TEAM = 5MLEPWQRVD;
				INFOPLIST_FILE = BAAnimation/Info.plist;
				IPHONEOS_DEPLOYMENT_TARGET = 9.0;
				LD_RUNPATH_SEARCH_PATHS = "$(inherited) @executable_path/Frameworks";
				PRODUCT_BUNDLE_IDENTIFIER = com.ds.BAAnimation;
				PRODUCT_NAME = "$(TARGET_NAME)";
			};
			name = Debug;
		};
		C42FF2171E077AF100E29DD5 /* Release */ = {
			isa = XCBuildConfiguration;
			buildSettings = {
				ASSETCATALOG_COMPILER_APPICON_NAME = AppIcon;
				DEVELOPMENT_TEAM = 5MLEPWQRVD;
				INFOPLIST_FILE = BAAnimation/Info.plist;
				IPHONEOS_DEPLOYMENT_TARGET = 9.0;
				LD_RUNPATH_SEARCH_PATHS = "$(inherited) @executable_path/Frameworks";
				PRODUCT_BUNDLE_IDENTIFIER = com.ds.BAAnimation;
				PRODUCT_NAME = "$(TARGET_NAME)";
			};
			name = Release;
		};
/* End XCBuildConfiguration section */

/* Begin XCConfigurationList section */
		C42FF1F91E077AF100E29DD5 /* Build configuration list for PBXProject "BAAnimation" */ = {
			isa = XCConfigurationList;
			buildConfigurations = (
				C42FF2131E077AF100E29DD5 /* Debug */,
				C42FF2141E077AF100E29DD5 /* Release */,
			);
			defaultConfigurationIsVisible = 0;
			defaultConfigurationName = Release;
		};
		C42FF2151E077AF100E29DD5 /* Build configuration list for PBXNativeTarget "BAAnimation" */ = {
			isa = XCConfigurationList;
			buildConfigurations = (
				C42FF2161E077AF100E29DD5 /* Debug */,
				C42FF2171E077AF100E29DD5 /* Release */,
			);
			defaultConfigurationIsVisible = 0;
			defaultConfigurationName = Release;
		};
/* End XCConfigurationList section */
	};
	rootObject = C42FF1F61E077AF100E29DD5 /* Project object */;
}
